
Microsoft Visual Studio Solution File, Format Version 12.00
# Visual Studio 15
VisualStudioVersion = 15.0.28010.2046
MinimumVisualStudioVersion = 10.0.40219.1
Project("{FAE04EC0-301F-11D3-BF4B-00C04F79EFBC}") = "WebApplication7", "WebApplication7\WebApplication7.csproj", "{B87BE872-0A10-441B-AE40-6F7A8A587797}"
EndProject
Global
	GlobalSection(SolutionConfigurationPlatforms) = preSolution
		Debug|Any CPU = Debug|Any CPU
		Release|Any CPU = Release|Any CPU
	EndGlobalSection
	GlobalSection(ProjectConfigurationPlatforms) = postSolution
		{B87BE872-0A10-441B-AE40-6F7A8A587797}.Debug|Any CPU.ActiveCfg = Debug|Any CPU
		{B87BE872-0A10-441B-AE40-6F7A8A587797}.Debug|Any CPU.Build.0 = Debug|Any CPU
		{B87BE872-0A10-441B-AE40-6F7A8A587797}.Release|Any CPU.ActiveCfg = Release|Any CPU
		{B87BE872-0A10-441B-AE40-6F7A8A587797}.Release|Any CPU.Build.0 = Release|Any CPU
	EndGlobalSection
	GlobalSection(SolutionProperties) = preSolution
		HideSolutionNode = FALSE
	EndGlobalSection
	GlobalSection(ExtensibilityGlobals) = postSolution
		SolutionGuid = {B4958800-9866-46C7-88D6-DC255247D045}
	EndGlobalSection
EndGlobal
